
Microsoft Visual Studio Solution File, Format Version 12.00
# Visual Studio Version 17
VisualStudioVersion = 17.8.34511.84
MinimumVisualStudioVersion = 10.0.40219.1
Project("{9A19103F-16F7-4668-BE54-9A1E7A4F7556}") = "AplicacaoWeb", "AplicacaoWeb\AplicacaoWeb.csproj", "{F9C646D6-A910-4579-8D84-0FE928E29857}"
EndProject
Global
	GlobalSection(SolutionConfigurationPlatforms) = preSolution
		Debug|Any CPU = Debug|Any CPU
		Release|Any CPU = Release|Any CPU
	EndGlobalSection
	GlobalSection(ProjectConfigurationPlatforms) = postSolution
		{F9C646D6-A910-4579-8D84-0FE928E29857}.Debug|Any CPU.ActiveCfg = Debug|Any CPU
		{F9C646D6-A910-4579-8D84-0FE928E29857}.Debug|Any CPU.Build.0 = Debug|Any CPU
		{F9C646D6-A910-4579-8D84-0FE928E29857}.Release|Any CPU.ActiveCfg = Release|Any CPU
		{F9C646D6-A910-4579-8D84-0FE928E29857}.Release|Any CPU.Build.0 = Release|Any CPU
	EndGlobalSection
	GlobalSection(SolutionProperties) = preSolution
		HideSolutionNode = FALSE
	EndGlobalSection
	GlobalSection(ExtensibilityGlobals) = postSolution
		SolutionGuid = {090A68D3-1160-47A3-AD90-30EC3898C42C}
	EndGlobalSection
EndGlobal
